// !$*UTF8*$!
{
	archiveVersion = 1;
	classes = {
	};
	objectVersion = 44;
	objects = {

/* Begin PBXBuildFile section */
		22CF119E0EE9A82E0054F513 /* MaxAudioAPI.framework in Frameworks */ = {isa = PBXBuildFile; fileRef = 22CF119D0EE9A82E0054F513 /* MaxAudioAPI.framework */; };
		9596B0261FEC99F700AD6A7E /* bbb.max.dev.hpp in Headers */ = {isa = PBXBuildFile; fileRef = 9596B0201FEC99F700AD6A7E /* bbb.max.dev.hpp */; };
		9596B0271FEC99F700AD6A7E /* type_traits.hpp in Headers */ = {isa = PBXBuildFile; fileRef = 9596B0221FEC99F700AD6A7E /* type_traits.hpp */; };
		9596B0281FEC99F700AD6A7E /* convert.hpp in Headers */ = {isa = PBXBuildFile; fileRef = 9596B0241FEC99F700AD6A7E /* convert.hpp */; };
		9596B0291FEC99F700AD6A7E /* register_methods.hpp in Headers */ = {isa = PBXBuildFile; fileRef = 9596B0251FEC99F700AD6A7E /* register_methods.hpp */; };
		9597CDF01FE7BFD100BF5207 /* bbb.zmq.pub.cpp in Sources */ = {isa = PBXBuildFile; fileRef = 9597CDEE1FE7BFD000BF5207 /* bbb.zmq.pub.cpp */; };
		9597CDF11FE7BFD100BF5207 /* bbb.zmq.pub.hpp in Headers */ = {isa = PBXBuildFile; fileRef = 9597CDEF1FE7BFD100BF5207 /* bbb.zmq.pub.hpp */; };
		9597CDF61FE7F57C00BF5207 /* libzmq.a in Frameworks */ = {isa = PBXBuildFile; fileRef = 9597CDF51FE7F57C00BF5207 /* libzmq.a */; };
		9597CE071FE7F60800BF5207 /* zmq.hpp in Headers */ = {isa = PBXBuildFile; fileRef = 9597CDFF1FE7F60700BF5207 /* zmq.hpp */; };
		9597CE081FE7F60800BF5207 /* zmq_addon.hpp in Headers */ = {isa = PBXBuildFile; fileRef = 9597CE001FE7F60700BF5207 /* zmq_addon.hpp */; };
/* End PBXBuildFile section */

/* Begin PBXFileReference section */
		22CF10220EE984600054F513 /* maxmspsdk.xcconfig */ = {isa = PBXFileReference; fileEncoding = 4; lastKnownFileType = text.xcconfig; name = maxmspsdk.xcconfig; path = ../../libs/maxcpp/maxmspsdk.xcconfig; sourceTree = SOURCE_ROOT; };
		22CF119D0EE9A82E0054F513 /* MaxAudioAPI.framework */ = {isa = PBXFileReference; lastKnownFileType = wrapper.framework; name = MaxAudioAPI.framework; path = "../../libs/max-sdk/source/c74support/msp-includes/MaxAudioAPI.framework"; sourceTree = SOURCE_ROOT; };
		2FBBEAE508F335360078DB84 /* bbb.zmq.pub.mxo */ = {isa = PBXFileReference; explicitFileType = wrapper.cfbundle; includeInIndex = 0; path = bbb.zmq.pub.mxo; sourceTree = BUILT_PRODUCTS_DIR; };
		36C5493616F558AA0054C037 /* maxcpp6.h */ = {isa = PBXFileReference; fileEncoding = 4; lastKnownFileType = sourcecode.c.h; path = maxcpp6.h; sourceTree = "<group>"; };
		9596B0201FEC99F700AD6A7E /* bbb.max.dev.hpp */ = {isa = PBXFileReference; fileEncoding = 4; lastKnownFileType = sourcecode.cpp.h; path = bbb.max.dev.hpp; sourceTree = "<group>"; };
		9596B0221FEC99F700AD6A7E /* type_traits.hpp */ = {isa = PBXFileReference; fileEncoding = 4; lastKnownFileType = sourcecode.cpp.h; path = type_traits.hpp; sourceTree = "<group>"; };
		9596B0241FEC99F700AD6A7E /* convert.hpp */ = {isa = PBXFileReference; fileEncoding = 4; lastKnownFileType = sourcecode.cpp.h; path = convert.hpp; sourceTree = "<group>"; };
		9596B0251FEC99F700AD6A7E /* register_methods.hpp */ = {isa = PBXFileReference; fileEncoding = 4; lastKnownFileType = sourcecode.cpp.h; path = register_methods.hpp; sourceTree = "<group>"; };
		9597CDEE1FE7BFD000BF5207 /* bbb.zmq.pub.cpp */ = {isa = PBXFileReference; fileEncoding = 4; lastKnownFileType = sourcecode.cpp.cpp; path = bbb.zmq.pub.cpp; sourceTree = "<group>"; };
		9597CDEF1FE7BFD100BF5207 /* bbb.zmq.pub.hpp */ = {isa = PBXFileReference; fileEncoding = 4; lastKnownFileType = sourcecode.cpp.h; path = bbb.zmq.pub.hpp; sourceTree = "<group>"; };
		9597CDF51FE7F57C00BF5207 /* libzmq.a */ = {isa = PBXFileReference; lastKnownFileType = archive.ar; name = libzmq.a; path = ../../../../../../usr/local/Cellar/zeromq/4.2.2/lib/libzmq.a; sourceTree = "<group>"; };
		9597CDFF1FE7F60700BF5207 /* zmq.hpp */ = {isa = PBXFileReference; fileEncoding = 4; lastKnownFileType = sourcecode.cpp.h; path = zmq.hpp; sourceTree = "<group>"; };
		9597CE001FE7F60700BF5207 /* zmq_addon.hpp */ = {isa = PBXFileReference; fileEncoding = 4; lastKnownFileType = sourcecode.cpp.h; path = zmq_addon.hpp; sourceTree = "<group>"; };
/* End PBXFileReference section */

/* Begin PBXFrameworksBuildPhase section */
		2FBBEADC08F335360078DB84 /* Frameworks */ = {
			isa = PBXFrameworksBuildPhase;
			buildActionMask = 2147483647;
			files = (
				9597CDF61FE7F57C00BF5207 /* libzmq.a in Frameworks */,
				22CF119E0EE9A82E0054F513 /* MaxAudioAPI.framework in Frameworks */,
			);
			runOnlyForDeploymentPostprocessing = 0;
		};
/* End PBXFrameworksBuildPhase section */

/* Begin PBXGroup section */
		089C166AFE841209C02AAC07 /* iterator */ = {
			isa = PBXGroup;
			children = (
				9596B01F1FEC99F700AD6A7E /* include */,
				36C5491F16F557E00054C037 /* maxcpp */,
				22CF10220EE984600054F513 /* maxmspsdk.xcconfig */,
				9597CDF71FE7F60700BF5207 /* libs */,
				9597CDEF1FE7BFD100BF5207 /* bbb.zmq.pub.hpp */,
				9597CDEE1FE7BFD000BF5207 /* bbb.zmq.pub.cpp */,
				22CF119D0EE9A82E0054F513 /* MaxAudioAPI.framework */,
				19C28FB4FE9D528D11CA2CBB /* Products */,
				9597CDF41FE7F57C00BF5207 /* Frameworks */,
			);
			name = iterator;
			sourceTree = "<group>";
		};
		19C28FB4FE9D528D11CA2CBB /* Products */ = {
			isa = PBXGroup;
			children = (
				2FBBEAE508F335360078DB84 /* bbb.zmq.pub.mxo */,
			);
			name = Products;
			sourceTree = "<group>";
		};
		36C5491F16F557E00054C037 /* maxcpp */ = {
			isa = PBXGroup;
			children = (
				36C5493616F558AA0054C037 /* maxcpp6.h */,
			);
			name = maxcpp;
			path = ../../libs/maxcpp/maxcpp;
			sourceTree = SOURCE_ROOT;
		};
		9596B01F1FEC99F700AD6A7E /* include */ = {
			isa = PBXGroup;
			children = (
				9596B0201FEC99F700AD6A7E /* bbb.max.dev.hpp */,
				9596B0211FEC99F700AD6A7E /* type_traits */,
				9596B0231FEC99F700AD6A7E /* utility */,
			);
			name = include;
			path = ../../include;
			sourceTree = "<group>";
		};
		9596B0211FEC99F700AD6A7E /* type_traits */ = {
			isa = PBXGroup;
			children = (
				9596B0221FEC99F700AD6A7E /* type_traits.hpp */,
			);
			path = type_traits;
			sourceTree = "<group>";
		};
		9596B0231FEC99F700AD6A7E /* utility */ = {
			isa = PBXGroup;
			children = (
				9596B0241FEC99F700AD6A7E /* convert.hpp */,
				9596B0251FEC99F700AD6A7E /* register_methods.hpp */,
			);
			path = utility;
			sourceTree = "<group>";
		};
		9597CDF41FE7F57C00BF5207 /* Frameworks */ = {
			isa = PBXGroup;
			children = (
				9597CDF51FE7F57C00BF5207 /* libzmq.a */,
			);
			name = Frameworks;
			sourceTree = "<group>";
		};
		9597CDF71FE7F60700BF5207 /* libs */ = {
			isa = PBXGroup;
			children = (
				9597CDF81FE7F60700BF5207 /* cppzmq */,
			);
			path = libs;
			sourceTree = "<group>";
		};
		9597CDF81FE7F60700BF5207 /* cppzmq */ = {
			isa = PBXGroup;
			children = (
				9597CDFF1FE7F60700BF5207 /* zmq.hpp */,
				9597CE001FE7F60700BF5207 /* zmq_addon.hpp */,
			);
			path = cppzmq;
			sourceTree = "<group>";
		};
/* End PBXGroup section */

/* Begin PBXHeadersBuildPhase section */
		2FBBEAD708F335360078DB84 /* Headers */ = {
			isa = PBXHeadersBuildPhase;
			buildActionMask = 2147483647;
			files = (
				9596B0281FEC99F700AD6A7E /* convert.hpp in Headers */,
				9596B0261FEC99F700AD6A7E /* bbb.max.dev.hpp in Headers */,
				9596B0291FEC99F700AD6A7E /* register_methods.hpp in Headers */,
				9597CDF11FE7BFD100BF5207 /* bbb.zmq.pub.hpp in Headers */,
				9597CE071FE7F60800BF5207 /* zmq.hpp in Headers */,
				9597CE081FE7F60800BF5207 /* zmq_addon.hpp in Headers */,
				9596B0271FEC99F700AD6A7E /* type_traits.hpp in Headers */,
			);
			runOnlyForDeploymentPostprocessing = 0;
		};
/* End PBXHeadersBuildPhase section */

/* Begin PBXNativeTarget section */
		2FBBEAD608F335360078DB84 /* max-external */ = {
			isa = PBXNativeTarget;
			buildConfigurationList = 2FBBEAE008F335360078DB84 /* Build configuration list for PBXNativeTarget "max-external" */;
			buildPhases = (
				2FBBEAD708F335360078DB84 /* Headers */,
				2FBBEAD808F335360078DB84 /* Resources */,
				2FBBEADA08F335360078DB84 /* Sources */,
				2FBBEADC08F335360078DB84 /* Frameworks */,
				2FBBEADF08F335360078DB84 /* Rez */,
			);
			buildRules = (
			);
			dependencies = (
			);
			name = "max-external";
			productName = iterator;
			productReference = 2FBBEAE508F335360078DB84 /* bbb.zmq.pub.mxo */;
			productType = "com.apple.product-type.bundle";
		};
/* End PBXNativeTarget section */

/* Begin PBXProject section */
		089C1669FE841209C02AAC07 /* Project object */ = {
			isa = PBXProject;
			attributes = {
			};
			buildConfigurationList = 2FBBEACF08F335010078DB84 /* Build configuration list for PBXProject "bbb.zmq.pub" */;
			compatibilityVersion = "Xcode 3.0";
			developmentRegion = English;
			hasScannedForEncodings = 1;
			knownRegions = (
				English,
				Japanese,
				French,
				German,
			);
			mainGroup = 089C166AFE841209C02AAC07 /* iterator */;
			projectDirPath = "";
			projectRoot = "";
			targets = (
				2FBBEAD608F335360078DB84 /* max-external */,
			);
		};
/* End PBXProject section */

/* Begin PBXResourcesBuildPhase section */
		2FBBEAD808F335360078DB84 /* Resources */ = {
			isa = PBXResourcesBuildPhase;
			buildActionMask = 2147483647;
			files = (
			);
			runOnlyForDeploymentPostprocessing = 0;
		};
/* End PBXResourcesBuildPhase section */

/* Begin PBXRezBuildPhase section */
		2FBBEADF08F335360078DB84 /* Rez */ = {
			isa = PBXRezBuildPhase;
			buildActionMask = 2147483647;
			files = (
			);
			runOnlyForDeploymentPostprocessing = 0;
		};
/* End PBXRezBuildPhase section */

/* Begin PBXSourcesBuildPhase section */
		2FBBEADA08F335360078DB84 /* Sources */ = {
			isa = PBXSourcesBuildPhase;
			buildActionMask = 2147483647;
			files = (
				9597CDF01FE7BFD100BF5207 /* bbb.zmq.pub.cpp in Sources */,
			);
			runOnlyForDeploymentPostprocessing = 0;
		};
/* End PBXSourcesBuildPhase section */

/* Begin XCBuildConfiguration section */
		2FBBEAD008F335010078DB84 /* Development */ = {
			isa = XCBuildConfiguration;
			buildSettings = {
				MACOSX_DEPLOYMENT_TARGET = 10.12;
				SDKROOT = macosx10.11;
				USER_HEADER_SEARCH_PATHS = "/Users/2bit/Documents/Program/MaxSDKs/c74support/** /usr/local/opt/zeromq/4.2.2/include";
			};
			name = Development;
		};
		2FBBEAD108F335010078DB84 /* Deployment */ = {
			isa = XCBuildConfiguration;
			buildSettings = {
				MACOSX_DEPLOYMENT_TARGET = 10.12;
				SDKROOT = macosx10.11;
				USER_HEADER_SEARCH_PATHS = "/Users/2bit/Documents/Program/MaxSDKs/c74support/** /usr/local/opt/zeromq/4.2.2/include";
			};
			name = Deployment;
		};
		2FBBEAE108F335360078DB84 /* Development */ = {
			isa = XCBuildConfiguration;
			baseConfigurationReference = 22CF10220EE984600054F513 /* maxmspsdk.xcconfig */;
			buildSettings = {
				ARCHS = "$(ARCHS_STANDARD_64_BIT)";
				CLANG_CXX_LANGUAGE_STANDARD = "c++0x";
				CLANG_CXX_LIBRARY = "libc++";
				COPY_PHASE_STRIP = NO;
				GCC_OPTIMIZATION_LEVEL = 0;
				GCC_VERSION = "";
				HEADER_SEARCH_PATHS = (
					/Developer/Headers/FlatCarbon,
					"\"$(C74SUPPORT)/max-includes\"",
					"\"$(C74SUPPORT)/msp-includes\"",
					"\"$(C74SUPPORT)/jit-includes\"",
					../../maxcpp,
					./libs/cppzmq,
					/usr/local/Cellar/zeromq/4.2.2/include,
				);
				LIBRARY_SEARCH_PATHS = (
					"$(inherited)",
					/usr/local/Cellar/zeromq/4.2.2/lib,
				);
				MACOSX_DEPLOYMENT_TARGET = 10.7;
				OTHER_LDFLAGS = "$(C74_SYM_LINKER_FLAGS)";
				PRODUCT_NAME = "$(PROJECT_NAME)";
				SDKROOT = macosx10.11;
				USER_HEADER_SEARCH_PATHS = "/Users/2bit/Documents/Program/MaxSDKs/c74support/** /usr/local/opt/zeromq/4.2.2/include";
				VALID_ARCHS = x86_64;
			};
			name = Development;
		};
		2FBBEAE208F335360078DB84 /* Deployment */ = {
			isa = XCBuildConfiguration;
			baseConfigurationReference = 22CF10220EE984600054F513 /* maxmspsdk.xcconfig */;
			buildSettings = {
				ARCHS = "$(ARCHS_STANDARD_64_BIT)";
				CLANG_CXX_LANGUAGE_STANDARD = "c++0x";
				CLANG_CXX_LIBRARY = "libc++";
				COPY_PHASE_STRIP = YES;
				GCC_VERSION = "";
				HEADER_SEARCH_PATHS = (
					/Developer/Headers/FlatCarbon,
					"\"$(C74SUPPORT)/max-includes\"",
					"\"$(C74SUPPORT)/msp-includes\"",
					"\"$(C74SUPPORT)/jit-includes\"",
					../../maxcpp,
					./libs/cppzmq,
					/usr/local/Cellar/zeromq/4.2.2/include,
				);
				LIBRARY_SEARCH_PATHS = (
					"$(inherited)",
					/usr/local/Cellar/zeromq/4.2.2/lib,
				);
				MACOSX_DEPLOYMENT_TARGET = 10.7;
				OTHER_LDFLAGS = "$(C74_SYM_LINKER_FLAGS)";
				PRODUCT_NAME = "$(PROJECT_NAME)";
				SDKROOT = macosx10.11;
				USER_HEADER_SEARCH_PATHS = "/Users/2bit/Documents/Program/MaxSDKs/c74support/** /usr/local/opt/zeromq/4.2.2/include";
				VALID_ARCHS = x86_64;
			};
			name = Deployment;
		};
/* End XCBuildConfiguration section */

/* Begin XCConfigurationList section */
		2FBBEACF08F335010078DB84 /* Build configuration list for PBXProject "bbb.zmq.pub" */ = {
			isa = XCConfigurationList;
			buildConfigurations = (
				2FBBEAD008F335010078DB84 /* Development */,
				2FBBEAD108F335010078DB84 /* Deployment */,
			);
			defaultConfigurationIsVisible = 0;
			defaultConfigurationName = Development;
		};
		2FBBEAE008F335360078DB84 /* Build configuration list for PBXNativeTarget "max-external" */ = {
			isa = XCConfigurationList;
			buildConfigurations = (
				2FBBEAE108F335360078DB84 /* Development */,
				2FBBEAE208F335360078DB84 /* Deployment */,
			);
			defaultConfigurationIsVisible = 0;
			defaultConfigurationName = Development;
		};
/* End XCConfigurationList section */
	};
	rootObject = 089C1669FE841209C02AAC07 /* Project object */;
}
